{
  "name": "ghcp-demo-10-ato-brd-to-clickthrough",
  "version": "1.0.0",
  "lockfileVersion": 3,
  "requires": true,
  "packages": {
    "": {
      "name": "ghcp-demo-10-ato-brd-to-clickthrough",
      "version": "1.0.0",
      "license": "MIT",
      "dependencies": {
        "playwright-core": "^1.57.0"
      }
    },
    "node_modules/playwright-core": {
      "version": "1.61.0",
      "integrity": "sha512-caX7TrY3Ml6egyDX0WUcTHDxodl/b51y5wJOdCEA36QviK/s2g081hvmGs8eaE3DWb6NYZQ6BjO/QkNRPenoPA==",
      "license": "Apache-2.0",
      "bin": {
        "playwright-core": "cli.js"
      },
      "engines": {
        "node": ">=18"
      }
    }
  }
}
